{
  "name": "Coding",
  "lockfileVersion": 3,
  "requires": true,
  "packages": {
    "": {
      "dependencies": {
        "closest-match": "^1.3.3",
        "color-name-list": "^14.51.0"
      }
    },
    "node_modules/closest-match": {
      "version": "1.3.3",
      "resolved": "https://registry.npmjs.org/closest-match/-/closest-match-1.3.3.tgz",
      "integrity": "sha512-RSdHrZwNOvt2uMQgqJDJdM/I+5MlJ1tQJEXYrbRjSMXWiCRo06g2hwObJ7+WKt2J9ySK9/pJ0Q2vbL+BPkofDA==",
      "license": "ISC"
    },
    "node_modules/color-name-list": {
      "version": "14.51.0",
      "resolved": "https://registry.npmjs.org/color-name-list/-/color-name-list-14.51.0.tgz",
      "integrity": "sha512-z+1f72qycJijBEmd88ee836dGeZV8ztePIlPAhk/iavlmfPRG6BrWsJyZGvKkHC32ZW+5dpHbWEEP4y+jjVZIQ==",
      "funding": [
        {
          "type": "ko-fi",
          "url": "https://ko-fi.com/colorparrot"
        },
        {
          "type": "github-sponsors",
          "url": "https://github.com/sponsors/meodai"
        }
      ],
      "license": "MIT",
      "engines": {
        "node": "^22.14.0 || >=24.10.0",
        "npm": ">=10.2.0"
      }
    }
  }
}
